
Microsoft Visual Studio Solution File, Format Version 12.00
# Visual Studio Version 17
VisualStudioVersion = 17.7.34031.279
MinimumVisualStudioVersion = 10.0.40219.1
Project("{9A19103F-16F7-4668-BE54-9A1E7A4F7556}") = "Lab1", "Lab1\Lab1.csproj", "{6688BB3B-C5C7-49E1-A879-360ACF427B80}"
EndProject
Project("{9A19103F-16F7-4668-BE54-9A1E7A4F7556}") = "Lab2", "Lab2\Lab2.csproj", "{46063F3D-EF8C-4F17-B683-EEFB83736261}"
EndProject
Project("{9A19103F-16F7-4668-BE54-9A1E7A4F7556}") = "Lab3", "Lab3\Lab3.csproj", "{5B797015-54D4-4BC8-A036-EF3F3E317DFF}"
EndProject
Project("{9A19103F-16F7-4668-BE54-9A1E7A4F7556}") = "Lab4", "Lab4\Lab4.csproj", "{2C81C015-75F5-4210-AF17-DD70877F6B51}"
EndProject
Project("{9A19103F-16F7-4668-BE54-9A1E7A4F7556}") = "Lab5", "Lab5\Lab5.csproj", "{74870915-52F5-4BE6-AFFC-19EA25CE9B31}"
EndProject
Project("{FAE04EC0-301F-11D3-BF4B-00C04F79EFBC}") = "Lab6", "Lab6\Lab6.csproj", "{F93C4991-A811-41C8-9D31-2B3F9BA816FF}"
EndProject
Global
	GlobalSection(SolutionConfigurationPlatforms) = preSolution
		Debug|Any CPU = Debug|Any CPU
		Release|Any CPU = Release|Any CPU
	EndGlobalSection
	GlobalSection(ProjectConfigurationPlatforms) = postSolution
		{6688BB3B-C5C7-49E1-A879-360ACF427B80}.Debug|Any CPU.ActiveCfg = Debug|Any CPU
		{6688BB3B-C5C7-49E1-A879-360ACF427B80}.Debug|Any CPU.Build.0 = Debug|Any CPU
		{6688BB3B-C5C7-49E1-A879-360ACF427B80}.Release|Any CPU.ActiveCfg = Release|Any CPU
		{6688BB3B-C5C7-49E1-A879-360ACF427B80}.Release|Any CPU.Build.0 = Release|Any CPU
		{46063F3D-EF8C-4F17-B683-EEFB83736261}.Debug|Any CPU.ActiveCfg = Debug|Any CPU
		{46063F3D-EF8C-4F17-B683-EEFB83736261}.Debug|Any CPU.Build.0 = Debug|Any CPU
		{46063F3D-EF8C-4F17-B683-EEFB83736261}.Release|Any CPU.ActiveCfg = Release|Any CPU
		{46063F3D-EF8C-4F17-B683-EEFB83736261}.Release|Any CPU.Build.0 = Release|Any CPU
		{5B797015-54D4-4BC8-A036-EF3F3E317DFF}.Debug|Any CPU.ActiveCfg = Debug|Any CPU
		{5B797015-54D4-4BC8-A036-EF3F3E317DFF}.Debug|Any CPU.Build.0 = Debug|Any CPU
		{5B797015-54D4-4BC8-A036-EF3F3E317DFF}.Release|Any CPU.ActiveCfg = Release|Any CPU
		{5B797015-54D4-4BC8-A036-EF3F3E317DFF}.Release|Any CPU.Build.0 = Release|Any CPU
		{2C81C015-75F5-4210-AF17-DD70877F6B51}.Debug|Any CPU.ActiveCfg = Debug|Any CPU
		{2C81C015-75F5-4210-AF17-DD70877F6B51}.Debug|Any CPU.Build.0 = Debug|Any CPU
		{2C81C015-75F5-4210-AF17-DD70877F6B51}.Release|Any CPU.ActiveCfg = Release|Any CPU
		{2C81C015-75F5-4210-AF17-DD70877F6B51}.Release|Any CPU.Build.0 = Release|Any CPU
		{74870915-52F5-4BE6-AFFC-19EA25CE9B31}.Debug|Any CPU.ActiveCfg = Debug|Any CPU
		{74870915-52F5-4BE6-AFFC-19EA25CE9B31}.Debug|Any CPU.Build.0 = Debug|Any CPU
		{74870915-52F5-4BE6-AFFC-19EA25CE9B31}.Release|Any CPU.ActiveCfg = Release|Any CPU
		{74870915-52F5-4BE6-AFFC-19EA25CE9B31}.Release|Any CPU.Build.0 = Release|Any CPU
		{F93C4991-A811-41C8-9D31-2B3F9BA816FF}.Debug|Any CPU.ActiveCfg = Debug|Any CPU
		{F93C4991-A811-41C8-9D31-2B3F9BA816FF}.Debug|Any CPU.Build.0 = Debug|Any CPU
		{F93C4991-A811-41C8-9D31-2B3F9BA816FF}.Release|Any CPU.ActiveCfg = Release|Any CPU
		{F93C4991-A811-41C8-9D31-2B3F9BA816FF}.Release|Any CPU.Build.0 = Release|Any CPU
	EndGlobalSection
	GlobalSection(SolutionProperties) = preSolution
		HideSolutionNode = FALSE
	EndGlobalSection
	GlobalSection(ExtensibilityGlobals) = postSolution
		SolutionGuid = {DA2337CC-B0E7-444B-9059-C0D679BCB544}
	EndGlobalSection
EndGlobal
